{
  "nodes": {
    "flake-utils": {
      "locked": {
        "lastModified": 1659877975,
        "narHash": "sha256-zllb8aq3YO3h8B/U0/J1WBgAL8EX5yWf5pMj3G0NAmc=",
        "owner": "numtide",
        "repo": "flake-utils",
        "rev": "c0e246b9b83f637f4681389ecabcb2681b4f3af0",
        "type": "github"
      },
      "original": {
        "owner": "numtide",
        "repo": "flake-utils",
        "type": "github"
      }
    },
    "nix-filter": {
      "locked": {
        "lastModified": 1661201956,
        "narHash": "sha256-RizGJH/buaw9A2+fiBf9WnXYw4LZABB5kMAZIEE5/T8=",
        "owner": "numtide",
        "repo": "nix-filter",
        "rev": "3b821578685d661a10b563cba30b1861eec05748",
        "type": "github"
      },
      "original": {
        "owner": "numtide",
        "repo": "nix-filter",
        "type": "github"
      }
    },
    "nixpkgs": {
      "locked": {
        "lastModified": 1663578619,
        "narHash": "sha256-kNgJXZIr4pi2NbDUfjj4APa+LlCmRUM4Ly2Xf70PVaw=",
        "owner": "NixOS",
        "repo": "nixpkgs",
        "rev": "a13d59408da1108fc6c9ffe4750ab7a33c581d24",
        "type": "github"
      },
      "original": {
        "owner": "NixOS",
        "ref": "nixpkgs-unstable",
        "repo": "nixpkgs",
        "type": "github"
      }
    },
    "nltk_data_src": {
      "flake": false,
      "locked": {
        "lastModified": 1657781704,
        "narHash": "sha256-iLKSjAqgJB2KBoIB7jVBd6VHnhSzvTjL4woIKnASTlg=",
        "owner": "nltk",
        "repo": "nltk_data",
        "rev": "005569f5d91002697c5dfd5bced624209af0b3bb",
        "type": "github"
      },
      "original": {
        "owner": "nltk",
        "repo": "nltk_data",
        "type": "github"
      }
    },
    "poetry2nixFlake": {
      "inputs": {
        "flake-utils": [
          "flake-utils"
        ],
        "nixpkgs": [
          "nixpkgs"
        ]
      },
      "locked": {
        "lastModified": 1666419213,
        "narHash": "sha256-HMlUJnMbvRJO7bxwQhn9VQmv0wcBv9Q29NTPD/bbr94=",
        "owner": "nix-community",
        "repo": "poetry2nix",
        "rev": "3b9040d19e18db212f8f83cb9241f8102b519f94",
        "type": "github"
      },
      "original": {
        "owner": "nix-community",
        "repo": "poetry2nix",
        "type": "github"
      }
    },
    "pre-commit-hooks": {
      "inputs": {
        "flake-utils": [
          "flake-utils"
        ],
        "nixpkgs": [
          "nixpkgs"
        ]
      },
      "locked": {
        "lastModified": 1663082609,
        "narHash": "sha256-lmCCIu4dj59qbzkGKHQtolhpIEQMeAd2XUbXVPqgPYo=",
        "owner": "cachix",
        "repo": "pre-commit-hooks.nix",
        "rev": "60cad1a326df17a8c6cf2bb23436609fdd83024e",
        "type": "github"
      },
      "original": {
        "owner": "cachix",
        "repo": "pre-commit-hooks.nix",
        "type": "github"
      }
    },
    "root": {
      "inputs": {
        "flake-utils": "flake-utils",
        "nix-filter": "nix-filter",
        "nixpkgs": "nixpkgs",
        "nltk_data_src": "nltk_data_src",
        "poetry2nixFlake": "poetry2nixFlake",
        "pre-commit-hooks": "pre-commit-hooks"
      }
    }
  },
  "root": "root",
  "version": 7
}
